{
    "name": "pokemon-data-exporter",
    "version": "0.0.1",
    "lockfileVersion": 3,
    "requires": true,
    "packages": {
        "": {
            "name": "pokemon-data-exporter",
            "version": "0.0.1",
            "hasInstallScript": true,
            "license": "MIT",
            "dependencies": {
                "webfontloader": "^1.6.28"
            },
            "devDependencies": {
                "@types/webfontloader": "^1.6.38"
            }
        },
        "node_modules/@types/webfontloader": {
            "version": "1.6.38",
            "resolved": "https://registry.npmjs.org/@types/webfontloader/-/webfontloader-1.6.38.tgz",
            "integrity": "sha512-kUaF72Fv202suFx6yBrwXqeVRMx7hGtJTesyESZgn9sEPCUeDXm2p0SiyS1MTqW74nQP4p7JyrOCwZ7pNFns4w==",
            "dev": true
        },
        "node_modules/webfontloader": {
            "version": "1.6.28",
            "resolved": "https://registry.npmjs.org/webfontloader/-/webfontloader-1.6.28.tgz",
            "integrity": "sha512-Egb0oFEga6f+nSgasH3E0M405Pzn6y3/9tOVanv/DLfa1YBIgcv90L18YyWnvXkRbIM17v5Kv6IT2N6g1x5tvQ=="
        }
    }
}
